
Microsoft Visual Studio Solution File, Format Version 12.00
# Visual Studio Version 17
VisualStudioVersion = 17.0.31903.59
MinimumVisualStudioVersion = 10.0.40219.1
Project("{2150E333-8FDC-42A3-9474-1A3956D46DE8}") = "src", "src", "{1FD509BF-72F4-4C92-AD3E-642741840B16}"
EndProject
Project("{FAE04EC0-301F-11D3-BF4B-00C04F79EFBC}") = "ParcelHub.Api", "src\ParcelHub.Api\ParcelHub.Api.csproj", "{35CE8E52-94DB-46A5-AAED-988DB388D0BA}"
EndProject
Project("{2150E333-8FDC-42A3-9474-1A3956D46DE8}") = "tests", "tests", "{D476C1F6-3CBD-495E-BA98-74F1C9D382E2}"
EndProject
Project("{FAE04EC0-301F-11D3-BF4B-00C04F79EFBC}") = "ParcelHub.Tests", "tests\ParcelHub.Tests\ParcelHub.Tests.csproj", "{59AAB814-C412-40D3-8358-C441D453D9A5}"
EndProject
Global
	GlobalSection(SolutionConfigurationPlatforms) = preSolution
		Debug|Any CPU = Debug|Any CPU
		Release|Any CPU = Release|Any CPU
	EndGlobalSection
	GlobalSection(SolutionProperties) = preSolution
		HideSolutionNode = FALSE
	EndGlobalSection
	GlobalSection(ProjectConfigurationPlatforms) = postSolution
		{35CE8E52-94DB-46A5-AAED-988DB388D0BA}.Debug|Any CPU.ActiveCfg = Debug|Any CPU
		{35CE8E52-94DB-46A5-AAED-988DB388D0BA}.Debug|Any CPU.Build.0 = Debug|Any CPU
		{35CE8E52-94DB-46A5-AAED-988DB388D0BA}.Release|Any CPU.ActiveCfg = Release|Any CPU
		{35CE8E52-94DB-46A5-AAED-988DB388D0BA}.Release|Any CPU.Build.0 = Release|Any CPU
		{59AAB814-C412-40D3-8358-C441D453D9A5}.Debug|Any CPU.ActiveCfg = Debug|Any CPU
		{59AAB814-C412-40D3-8358-C441D453D9A5}.Debug|Any CPU.Build.0 = Debug|Any CPU
		{59AAB814-C412-40D3-8358-C441D453D9A5}.Release|Any CPU.ActiveCfg = Release|Any CPU
		{59AAB814-C412-40D3-8358-C441D453D9A5}.Release|Any CPU.Build.0 = Release|Any CPU
	EndGlobalSection
	GlobalSection(NestedProjects) = preSolution
		{35CE8E52-94DB-46A5-AAED-988DB388D0BA} = {1FD509BF-72F4-4C92-AD3E-642741840B16}
		{59AAB814-C412-40D3-8358-C441D453D9A5} = {D476C1F6-3CBD-495E-BA98-74F1C9D382E2}
	EndGlobalSection
EndGlobal
